// !$*UTF8*$!
{
	archiveVersion = 1;
	classes = {
	};
	objectVersion = 46;
	objects = {

/* Begin PBXBuildFile section */
		2EF4FE481D50D2C800170047 /* main.m in Sources */ = {isa = PBXBuildFile; fileRef = 2EF4FE471D50D2C800170047 /* main.m */; };
		2EF4FE4B1D50D2C800170047 /* AppDelegate.m in Sources */ = {isa = PBXBuildFile; fileRef = 2EF4FE4A1D50D2C800170047 /* AppDelegate.m */; };
		2EF4FE4E1D50D2C800170047 /* ViewController.m in Sources */ = {isa = PBXBuildFile; fileRef = 2EF4FE4D1D50D2C800170047 /* ViewController.m */; };
		2EF4FE511D50D2C800170047 /* Main.storyboard in Resources */ = {isa = PBXBuildFile; fileRef = 2EF4FE4F1D50D2C800170047 /* Main.storyboard */; };
		2EF4FE531D50D2C800170047 /* Assets.xcassets in Resources */ = {isa = PBXBuildFile; fileRef = 2EF4FE521D50D2C800170047 /* Assets.xcassets */; };
		2EF4FE561D50D2C800170047 /* LaunchScreen.storyboard in Resources */ = {isa = PBXBuildFile; fileRef = 2EF4FE541D50D2C800170047 /* LaunchScreen.storyboard */; };
		2EF4FE611D50D2C800170047 /* WifiTests.m in Sources */ = {isa = PBXBuildFile; fileRef = 2EF4FE601D50D2C800170047 /* WifiTests.m */; };
		2EF4FE6D1D50D3C600170047 /* UIDevice+JWifiExtention.m in Sources */ = {isa = PBXBuildFile; fileRef = 2EF4FE6C1D50D3C600170047 /* UIDevice+JWifiExtention.m */; };
		2EF4FE701D50D40800170047 /* SystemConfiguration.framework in Frameworks */ = {isa = PBXBuildFile; fileRef = 2EF4FE6F1D50D40800170047 /* SystemConfiguration.framework */; };
/* End PBXBuildFile section */

/* Begin PBXContainerItemProxy section */
		2EF4FE5D1D50D2C800170047 /* PBXContainerItemProxy */ = {
			isa = PBXContainerItemProxy;
			containerPortal = 2EF4FE3B1D50D2C800170047 /* Project object */;
			proxyType = 1;
			remoteGlobalIDString = 2EF4FE421D50D2C800170047;
			remoteInfo = Wifi;
		};
/* End PBXContainerItemProxy section */

/* Begin PBXFileReference section */
		2EF4FE431D50D2C800170047 /* Wifi.app */ = {isa = PBXFileReference; explicitFileType = wrapper.application; includeInIndex = 0; path = Wifi.app; sourceTree = BUILT_PRODUCTS_DIR; };
		2EF4FE471D50D2C800170047 /* main.m */ = {isa = PBXFileReference; lastKnownFileType = sourcecode.c.objc; path = main.m; sourceTree = "<group>"; };
		2EF4FE491D50D2C800170047 /* AppDelegate.h */ = {isa = PBXFileReference; lastKnownFileType = sourcecode.c.h; path = AppDelegate.h; sourceTree = "<group>"; };
		2EF4FE4A1D50D2C800170047 /* AppDelegate.m */ = {isa = PBXFileReference; lastKnownFileType = sourcecode.c.objc; path = AppDelegate.m; sourceTree = "<group>"; };
		2EF4FE4C1D50D2C800170047 /* ViewController.h */ = {isa = PBXFileReference; lastKnownFileType = sourcecode.c.h; path = ViewController.h; sourceTree = "<group>"; };
		2EF4FE4D1D50D2C800170047 /* ViewController.m */ = {isa = PBXFileReference; lastKnownFileType = sourcecode.c.objc; path = ViewController.m; sourceTree = "<group>"; };
		2EF4FE501D50D2C800170047 /* Base */ = {isa = PBXFileReference; lastKnownFileType = file.storyboard; name = Base; path = Base.lproj/Main.storyboard; sourceTree = "<group>"; };
		2EF4FE521D50D2C800170047 /* Assets.xcassets */ = {isa = PBXFileReference; lastKnownFileType = folder.assetcatalog; path = Assets.xcassets; sourceTree = "<group>"; };
		2EF4FE551D50D2C800170047 /* Base */ = {isa = PBXFileReference; lastKnownFileType = file.storyboard; name = Base; path = Base.lproj/LaunchScreen.storyboard; sourceTree = "<group>"; };
		2EF4FE571D50D2C800170047 /* Info.plist */ = {isa = PBXFileReference; lastKnownFileType = text.plist.xml; path = Info.plist; sourceTree = "<group>"; };
		2EF4FE5C1D50D2C800170047 /* WifiTests.xctest */ = {isa = PBXFileReference; explicitFileType = wrapper.cfbundle; includeInIndex = 0; path = WifiTests.xctest; sourceTree = BUILT_PRODUCTS_DIR; };
		2EF4FE601D50D2C800170047 /* WifiTests.m */ = {isa = PBXFileReference; lastKnownFileType = sourcecode.c.objc; path = WifiTests.m; sourceTree = "<group>"; };
		2EF4FE621D50D2C800170047 /* Info.plist */ = {isa = PBXFileReference; lastKnownFileType = text.plist.xml; path = Info.plist; sourceTree = "<group>"; };
		2EF4FE6B1D50D3C600170047 /* UIDevice+JWifiExtention.h */ = {isa = PBXFileReference; fileEncoding = 4; lastKnownFileType = sourcecode.c.h; name = "UIDevice+JWifiExtention.h"; path = "class/UIDevice+JWifiExtention.h"; sourceTree = "<group>"; };
		2EF4FE6C1D50D3C600170047 /* UIDevice+JWifiExtention.m */ = {isa = PBXFileReference; fileEncoding = 4; lastKnownFileType = sourcecode.c.objc; name = "UIDevice+JWifiExtention.m"; path = "class/UIDevice+JWifiExtention.m"; sourceTree = "<group>"; };
		2EF4FE6F1D50D40800170047 /* SystemConfiguration.framework */ = {isa = PBXFileReference; lastKnownFileType = wrapper.framework; name = SystemConfiguration.framework; path = System/Library/Frameworks/SystemConfiguration.framework; sourceTree = SDKROOT; };
/* End PBXFileReference section */

/* Begin PBXFrameworksBuildPhase section */
		2EF4FE401D50D2C800170047 /* Frameworks */ = {
			isa = PBXFrameworksBuildPhase;
			buildActionMask = 2147483647;
			files = (
				2EF4FE701D50D40800170047 /* SystemConfiguration.framework in Frameworks */,
			);
			runOnlyForDeploymentPostprocessing = 0;
		};
		2EF4FE591D50D2C800170047 /* Frameworks */ = {
			isa = PBXFrameworksBuildPhase;
			buildActionMask = 2147483647;
			files = (
			);
			runOnlyForDeploymentPostprocessing = 0;
		};
/* End PBXFrameworksBuildPhase section */

/* Begin PBXGroup section */
		2EF4FE3A1D50D2C800170047 = {
			isa = PBXGroup;
			children = (
				2EF4FE6F1D50D40800170047 /* SystemConfiguration.framework */,
				2EF4FE6E1D50D3CE00170047 /* class */,
				2EF4FE451D50D2C800170047 /* Wifi */,
				2EF4FE5F1D50D2C800170047 /* WifiTests */,
				2EF4FE441D50D2C800170047 /* Products */,
			);
			sourceTree = "<group>";
		};
		2EF4FE441D50D2C800170047 /* Products */ = {
			isa = PBXGroup;
			children = (
				2EF4FE431D50D2C800170047 /* Wifi.app */,
				2EF4FE5C1D50D2C800170047 /* WifiTests.xctest */,
			);
			name = Products;
			sourceTree = "<group>";
		};
		2EF4FE451D50D2C800170047 /* Wifi */ = {
			isa = PBXGroup;
			children = (
				2EF4FE491D50D2C800170047 /* AppDelegate.h */,
				2EF4FE4A1D50D2C800170047 /* AppDelegate.m */,
				2EF4FE4C1D50D2C800170047 /* ViewController.h */,
				2EF4FE4D1D50D2C800170047 /* ViewController.m */,
				2EF4FE4F1D50D2C800170047 /* Main.storyboard */,
				2EF4FE521D50D2C800170047 /* Assets.xcassets */,
				2EF4FE541D50D2C800170047 /* LaunchScreen.storyboard */,
				2EF4FE571D50D2C800170047 /* Info.plist */,
				2EF4FE461D50D2C800170047 /* Supporting Files */,
			);
			path = Wifi;
			sourceTree = "<group>";
		};
		2EF4FE461D50D2C800170047 /* Supporting Files */ = {
			isa = PBXGroup;
			children = (
				2EF4FE471D50D2C800170047 /* main.m */,
			);
			name = "Supporting Files";
			sourceTree = "<group>";
		};
		2EF4FE5F1D50D2C800170047 /* WifiTests */ = {
			isa = PBXGroup;
			children = (
				2EF4FE601D50D2C800170047 /* WifiTests.m */,
				2EF4FE621D50D2C800170047 /* Info.plist */,
			);
			path = WifiTests;
			sourceTree = "<group>";
		};
		2EF4FE6E1D50D3CE00170047 /* class */ = {
			isa = PBXGroup;
			children = (
				2EF4FE6B1D50D3C600170047 /* UIDevice+JWifiExtention.h */,
				2EF4FE6C1D50D3C600170047 /* UIDevice+JWifiExtention.m */,
			);
			name = class;
			sourceTree = "<group>";
		};
/* End PBXGroup section */

/* Begin PBXNativeTarget section */
		2EF4FE421D50D2C800170047 /* Wifi */ = {
			isa = PBXNativeTarget;
			buildConfigurationList = 2EF4FE651D50D2C800170047 /* Build configuration list for PBXNativeTarget "Wifi" */;
			buildPhases = (
				2EF4FE3F1D50D2C800170047 /* Sources */,
				2EF4FE401D50D2C800170047 /* Frameworks */,
				2EF4FE411D50D2C800170047 /* Resources */,
			);
			buildRules = (
			);
			dependencies = (
			);
			name = Wifi;
			productName = Wifi;
			productReference = 2EF4FE431D50D2C800170047 /* Wifi.app */;
			productType = "com.apple.product-type.application";
		};
		2EF4FE5B1D50D2C800170047 /* WifiTests */ = {
			isa = PBXNativeTarget;
			buildConfigurationList = 2EF4FE681D50D2C800170047 /* Build configuration list for PBXNativeTarget "WifiTests" */;
			buildPhases = (
				2EF4FE581D50D2C800170047 /* Sources */,
				2EF4FE591D50D2C800170047 /* Frameworks */,
				2EF4FE5A1D50D2C800170047 /* Resources */,
			);
			buildRules = (
			);
			dependencies = (
				2EF4FE5E1D50D2C800170047 /* PBXTargetDependency */,
			);
			name = WifiTests;
			productName = WifiTests;
			productReference = 2EF4FE5C1D50D2C800170047 /* WifiTests.xctest */;
			productType = "com.apple.product-type.bundle.unit-test";
		};
/* End PBXNativeTarget section */

/* Begin PBXProject section */
		2EF4FE3B1D50D2C800170047 /* Project object */ = {
			isa = PBXProject;
			attributes = {
				LastUpgradeCheck = 0730;
				ORGANIZATIONNAME = "蔡杰";
				TargetAttributes = {
					2EF4FE421D50D2C800170047 = {
						CreatedOnToolsVersion = 7.3;
					};
					2EF4FE5B1D50D2C800170047 = {
						CreatedOnToolsVersion = 7.3;
						TestTargetID = 2EF4FE421D50D2C800170047;
					};
				};
			};
			buildConfigurationList = 2EF4FE3E1D50D2C800170047 /* Build configuration list for PBXProject "Wifi" */;
			compatibilityVersion = "Xcode 3.2";
			developmentRegion = English;
			hasScannedForEncodings = 0;
			knownRegions = (
				en,
				Base,
			);
			mainGroup = 2EF4FE3A1D50D2C800170047;
			productRefGroup = 2EF4FE441D50D2C800170047 /* Products */;
			projectDirPath = "";
			projectRoot = "";
			targets = (
				2EF4FE421D50D2C800170047 /* Wifi */,
				2EF4FE5B1D50D2C800170047 /* WifiTests */,
			);
		};
/* End PBXProject section */

/* Begin PBXResourcesBuildPhase section */
		2EF4FE411D50D2C800170047 /* Resources */ = {
			isa = PBXResourcesBuildPhase;
			buildActionMask = 2147483647;
			files = (
				2EF4FE561D50D2C800170047 /* LaunchScreen.storyboard in Resources */,
				2EF4FE531D50D2C800170047 /* Assets.xcassets in Resources */,
				2EF4FE511D50D2C800170047 /* Main.storyboard in Resources */,
			);
			runOnlyForDeploymentPostprocessing = 0;
		};
		2EF4FE5A1D50D2C800170047 /* Resources */ = {
			isa = PBXResourcesBuildPhase;
			buildActionMask = 2147483647;
			files = (
			);
			runOnlyForDeploymentPostprocessing = 0;
		};
/* End PBXResourcesBuildPhase section */

/* Begin PBXSourcesBuildPhase section */
		2EF4FE3F1D50D2C800170047 /* Sources */ = {
			isa = PBXSourcesBuildPhase;
			buildActionMask = 2147483647;
			files = (
				2EF4FE6D1D50D3C600170047 /* UIDevice+JWifiExtention.m in Sources */,
				2EF4FE4E1D50D2C800170047 /* ViewController.m in Sources */,
				2EF4FE4B1D50D2C800170047 /* AppDelegate.m in Sources */,
				2EF4FE481D50D2C800170047 /* main.m in Sources */,
			);
			runOnlyForDeploymentPostprocessing = 0;
		};
		2EF4FE581D50D2C800170047 /* Sources */ = {
			isa = PBXSourcesBuildPhase;
			buildActionMask = 2147483647;
			files = (
				2EF4FE611D50D2C800170047 /* WifiTests.m in Sources */,
			);
			runOnlyForDeploymentPostprocessing = 0;
		};
/* End PBXSourcesBuildPhase section */

/* Begin PBXTargetDependency section */
		2EF4FE5E1D50D2C800170047 /* PBXTargetDependency */ = {
			isa = PBXTargetDependency;
			target = 2EF4FE421D50D2C800170047 /* Wifi */;
			targetProxy = 2EF4FE5D1D50D2C800170047 /* PBXContainerItemProxy */;
		};
/* End PBXTargetDependency section */

/* Begin PBXVariantGroup section */
		2EF4FE4F1D50D2C800170047 /* Main.storyboard */ = {
			isa = PBXVariantGroup;
			children = (
				2EF4FE501D50D2C800170047 /* Base */,
			);
			name = Main.storyboard;
			sourceTree = "<group>";
		};
		2EF4FE541D50D2C800170047 /* LaunchScreen.storyboard */ = {
			isa = PBXVariantGroup;
			children = (
				2EF4FE551D50D2C800170047 /* Base */,
			);
			name = LaunchScreen.storyboard;
			sourceTree = "<group>";
		};
/* End PBXVariantGroup section */

/* Begin XCBuildConfiguration section */
		2EF4FE631D50D2C800170047 /* Debug */ = {
			isa = XCBuildConfiguration;
			buildSettings = {
				ALWAYS_SEARCH_USER_PATHS = NO;
				CLANG_ANALYZER_NONNULL = YES;
				CLANG_CXX_LANGUAGE_STANDARD = "gnu++0x";
				CLANG_CXX_LIBRARY = "libc++";
				CLANG_ENABLE_MODULES = YES;
				CLANG_ENABLE_OBJC_ARC = YES;
				CLANG_WARN_BOOL_CONVERSION = YES;
				CLANG_WARN_CONSTANT_CONVERSION = YES;
				CLANG_WARN_DIRECT_OBJC_ISA_USAGE = YES_ERROR;
				CLANG_WARN_EMPTY_BODY = YES;
				CLANG_WARN_ENUM_CONVERSION = YES;
				CLANG_WARN_INT_CONVERSION = YES;
				CLANG_WARN_OBJC_ROOT_CLASS = YES_ERROR;
				CLANG_WARN_UNREACHABLE_CODE = YES;
				CLANG_WARN__DUPLICATE_METHOD_MATCH = YES;
				"CODE_SIGN_IDENTITY[sdk=iphoneos*]" = "iPhone Developer";
				COPY_PHASE_STRIP = NO;
				DEBUG_INFORMATION_FORMAT = dwarf;
				ENABLE_STRICT_OBJC_MSGSEND = YES;
				ENABLE_TESTABILITY = YES;
				GCC_C_LANGUAGE_STANDARD = gnu99;
				GCC_DYNAMIC_NO_PIC = NO;
				GCC_NO_COMMON_BLOCKS = YES;
				GCC_OPTIMIZATION_LEVEL = 0;
				GCC_PREPROCESSOR_DEFINITIONS = (
					"DEBUG=1",
					"$(inherited)",
				);
				GCC_WARN_64_TO_32_BIT_CONVERSION = YES;
				GCC_WARN_ABOUT_RETURN_TYPE = YES_ERROR;
				GCC_WARN_UNDECLARED_SELECTOR = YES;
				GCC_WARN_UNINITIALIZED_AUTOS = YES_AGGRESSIVE;
				GCC_WARN_UNUSED_FUNCTION = YES;
				GCC_WARN_UNUSED_VARIABLE = YES;
				IPHONEOS_DEPLOYMENT_TARGET = 9.3;
				MTL_ENABLE_DEBUG_INFO = YES;
				ONLY_ACTIVE_ARCH = YES;
				SDKROOT = iphoneos;
			};
			name = Debug;
		};
		2EF4FE641D50D2C800170047 /* Release */ = {
			isa = XCBuildConfiguration;
			buildSettings = {
				ALWAYS_SEARCH_USER_PATHS = NO;
				CLANG_ANALYZER_NONNULL = YES;
				CLANG_CXX_LANGUAGE_STANDARD = "gnu++0x";
				CLANG_CXX_LIBRARY = "libc++";
				CLANG_ENABLE_MODULES = YES;
				CLANG_ENABLE_OBJC_ARC = YES;
				CLANG_WARN_BOOL_CONVERSION = YES;
				CLANG_WARN_CONSTANT_CONVERSION = YES;
				CLANG_WARN_DIRECT_OBJC_ISA_USAGE = YES_ERROR;
				CLANG_WARN_EMPTY_BODY = YES;
				CLANG_WARN_ENUM_CONVERSION = YES;
				CLANG_WARN_INT_CONVERSION = YES;
				CLANG_WARN_OBJC_ROOT_CLASS = YES_ERROR;
				CLANG_WARN_UNREACHABLE_CODE = YES;
				CLANG_WARN__DUPLICATE_METHOD_MATCH = YES;
				"CODE_SIGN_IDENTITY[sdk=iphoneos*]" = "iPhone Developer";
				COPY_PHASE_STRIP = NO;
				DEBUG_INFORMATION_FORMAT = "dwarf-with-dsym";
				ENABLE_NS_ASSERTIONS = NO;
				ENABLE_STRICT_OBJC_MSGSEND = YES;
				GCC_C_LANGUAGE_STANDARD = gnu99;
				GCC_NO_COMMON_BLOCKS = YES;
				GCC_WARN_64_TO_32_BIT_CONVERSION = YES;
				GCC_WARN_ABOUT_RETURN_TYPE = YES_ERROR;
				GCC_WARN_UNDECLARED_SELECTOR = YES;
				GCC_WARN_UNINITIALIZED_AUTOS = YES_AGGRESSIVE;
				GCC_WARN_UNUSED_FUNCTION = YES;
				GCC_WARN_UNUSED_VARIABLE = YES;
				IPHONEOS_DEPLOYMENT_TARGET = 9.3;
				MTL_ENABLE_DEBUG_INFO = NO;
				SDKROOT = iphoneos;
				VALIDATE_PRODUCT = YES;
			};
			name = Release;
		};
		2EF4FE661D50D2C800170047 /* Debug */ = {
			isa = XCBuildConfiguration;
			buildSettings = {
				ASSETCATALOG_COMPILER_APPICON_NAME = AppIcon;
				INFOPLIST_FILE = Wifi/Info.plist;
				LD_RUNPATH_SEARCH_PATHS = "$(inherited) @executable_path/Frameworks";
				PRODUCT_BUNDLE_IDENTIFIER = Alan.com.Wifi;
				PRODUCT_NAME = "$(TARGET_NAME)";
			};
			name = Debug;
		};
		2EF4FE671D50D2C800170047 /* Release */ = {
			isa = XCBuildConfiguration;
			buildSettings = {
				ASSETCATALOG_COMPILER_APPICON_NAME = AppIcon;
				INFOPLIST_FILE = Wifi/Info.plist;
				LD_RUNPATH_SEARCH_PATHS = "$(inherited) @executable_path/Frameworks";
				PRODUCT_BUNDLE_IDENTIFIER = Alan.com.Wifi;
				PRODUCT_NAME = "$(TARGET_NAME)";
			};
			name = Release;
		};
		2EF4FE691D50D2C800170047 /* Debug */ = {
			isa = XCBuildConfiguration;
			buildSettings = {
				BUNDLE_LOADER = "$(TEST_HOST)";
				INFOPLIST_FILE = WifiTests/Info.plist;
				LD_RUNPATH_SEARCH_PATHS = "$(inherited) @executable_path/Frameworks @loader_path/Frameworks";
				PRODUCT_BUNDLE_IDENTIFIER = Alan.com.WifiTests;
				PRODUCT_NAME = "$(TARGET_NAME)";
				TEST_HOST = "$(BUILT_PRODUCTS_DIR)/Wifi.app/Wifi";
			};
			name = Debug;
		};
		2EF4FE6A1D50D2C800170047 /* Release */ = {
			isa = XCBuildConfiguration;
			buildSettings = {
				BUNDLE_LOADER = "$(TEST_HOST)";
				INFOPLIST_FILE = WifiTests/Info.plist;
				LD_RUNPATH_SEARCH_PATHS = "$(inherited) @executable_path/Frameworks @loader_path/Frameworks";
				PRODUCT_BUNDLE_IDENTIFIER = Alan.com.WifiTests;
				PRODUCT_NAME = "$(TARGET_NAME)";
				TEST_HOST = "$(BUILT_PRODUCTS_DIR)/Wifi.app/Wifi";
			};
			name = Release;
		};
/* End XCBuildConfiguration section */

/* Begin XCConfigurationList section */
		2EF4FE3E1D50D2C800170047 /* Build configuration list for PBXProject "Wifi" */ = {
			isa = XCConfigurationList;
			buildConfigurations = (
				2EF4FE631D50D2C800170047 /* Debug */,
				2EF4FE641D50D2C800170047 /* Release */,
			);
			defaultConfigurationIsVisible = 0;
			defaultConfigurationName = Release;
		};
		2EF4FE651D50D2C800170047 /* Build configuration list for PBXNativeTarget "Wifi" */ = {
			isa = XCConfigurationList;
			buildConfigurations = (
				2EF4FE661D50D2C800170047 /* Debug */,
				2EF4FE671D50D2C800170047 /* Release */,
			);
			defaultConfigurationIsVisible = 0;
		};
		2EF4FE681D50D2C800170047 /* Build configuration list for PBXNativeTarget "WifiTests" */ = {
			isa = XCConfigurationList;
			buildConfigurations = (
				2EF4FE691D50D2C800170047 /* Debug */,
				2EF4FE6A1D50D2C800170047 /* Release */,
			);
			defaultConfigurationIsVisible = 0;
		};
/* End XCConfigurationList section */
	};
	rootObject = 2EF4FE3B1D50D2C800170047 /* Project object */;
}
